// !$*UTF8*$!
{
	archiveVersion = 1;
	classes = {
	};
	objectVersion = 50;
	objects = {

/* Begin PBXBuildFile section */
		56973C11211BE61E004D39CC /* AppDelegate.swift in Sources */ = {isa = PBXBuildFile; fileRef = 56973C10211BE61E004D39CC /* AppDelegate.swift */; };
		56973C16211BE61E004D39CC /* Main.storyboard in Resources */ = {isa = PBXBuildFile; fileRef = 56973C14211BE61E004D39CC /* Main.storyboard */; };
		56973C18211BE61F004D39CC /* Assets.xcassets in Resources */ = {isa = PBXBuildFile; fileRef = 56973C17211BE61F004D39CC /* Assets.xcassets */; };
		56973C1B211BE61F004D39CC /* LaunchScreen.storyboard in Resources */ = {isa = PBXBuildFile; fileRef = 56973C19211BE61F004D39CC /* LaunchScreen.storyboard */; };
		56973C23211BE652004D39CC /* MasterTableViewController.swift in Sources */ = {isa = PBXBuildFile; fileRef = 56973C22211BE652004D39CC /* MasterTableViewController.swift */; };
		56973C25211BE69C004D39CC /* StringDataSource.swift in Sources */ = {isa = PBXBuildFile; fileRef = 56973C24211BE69C004D39CC /* StringDataSource.swift */; };
		56973C27211BE86D004D39CC /* NumberDataSource.swift in Sources */ = {isa = PBXBuildFile; fileRef = 56973C26211BE86D004D39CC /* NumberDataSource.swift */; };
		56973C29211BF215004D39CC /* DetailViewController.swift in Sources */ = {isa = PBXBuildFile; fileRef = 56973C28211BF215004D39CC /* DetailViewController.swift */; };
/* End PBXBuildFile section */

/* Begin PBXFileReference section */
		56973C0D211BE61E004D39CC /* HaiBangDuLieu.app */ = {isa = PBXFileReference; explicitFileType = wrapper.application; includeInIndex = 0; path = HaiBangDuLieu.app; sourceTree = BUILT_PRODUCTS_DIR; };
		56973C10211BE61E004D39CC /* AppDelegate.swift */ = {isa = PBXFileReference; lastKnownFileType = sourcecode.swift; path = AppDelegate.swift; sourceTree = "<group>"; };
		56973C15211BE61E004D39CC /* Base */ = {isa = PBXFileReference; lastKnownFileType = file.storyboard; name = Base; path = Base.lproj/Main.storyboard; sourceTree = "<group>"; };
		56973C17211BE61F004D39CC /* Assets.xcassets */ = {isa = PBXFileReference; lastKnownFileType = folder.assetcatalog; path = Assets.xcassets; sourceTree = "<group>"; };
		56973C1A211BE61F004D39CC /* Base */ = {isa = PBXFileReference; lastKnownFileType = file.storyboard; name = Base; path = Base.lproj/LaunchScreen.storyboard; sourceTree = "<group>"; };
		56973C1C211BE61F004D39CC /* Info.plist */ = {isa = PBXFileReference; lastKnownFileType = text.plist.xml; path = Info.plist; sourceTree = "<group>"; };
		56973C22211BE652004D39CC /* MasterTableViewController.swift */ = {isa = PBXFileReference; lastKnownFileType = sourcecode.swift; path = MasterTableViewController.swift; sourceTree = "<group>"; };
		56973C24211BE69C004D39CC /* StringDataSource.swift */ = {isa = PBXFileReference; fileEncoding = 4; lastKnownFileType = sourcecode.swift; path = StringDataSource.swift; sourceTree = "<group>"; };
		56973C26211BE86D004D39CC /* NumberDataSource.swift */ = {isa = PBXFileReference; lastKnownFileType = sourcecode.swift; path = NumberDataSource.swift; sourceTree = "<group>"; };
		56973C28211BF215004D39CC /* DetailViewController.swift */ = {isa = PBXFileReference; fileEncoding = 4; lastKnownFileType = sourcecode.swift; path = DetailViewController.swift; sourceTree = "<group>"; };
/* End PBXFileReference section */

/* Begin PBXFrameworksBuildPhase section */
		56973C0A211BE61E004D39CC /* Frameworks */ = {
			isa = PBXFrameworksBuildPhase;
			buildActionMask = 2147483647;
			files = (
			);
			runOnlyForDeploymentPostprocessing = 0;
		};
/* End PBXFrameworksBuildPhase section */

/* Begin PBXGroup section */
		56973C04211BE61E004D39CC = {
			isa = PBXGroup;
			children = (
				56973C0F211BE61E004D39CC /* HaiBangDuLieu */,
				56973C0E211BE61E004D39CC /* Products */,
			);
			sourceTree = "<group>";
		};
		56973C0E211BE61E004D39CC /* Products */ = {
			isa = PBXGroup;
			children = (
				56973C0D211BE61E004D39CC /* HaiBangDuLieu.app */,
			);
			name = Products;
			sourceTree = "<group>";
		};
		56973C0F211BE61E004D39CC /* HaiBangDuLieu */ = {
			isa = PBXGroup;
			children = (
				56973C24211BE69C004D39CC /* StringDataSource.swift */,
				56973C26211BE86D004D39CC /* NumberDataSource.swift */,
				56973C22211BE652004D39CC /* MasterTableViewController.swift */,
				56973C28211BF215004D39CC /* DetailViewController.swift */,
				56973C14211BE61E004D39CC /* Main.storyboard */,
				56973C10211BE61E004D39CC /* AppDelegate.swift */,
				56973C17211BE61F004D39CC /* Assets.xcassets */,
				56973C19211BE61F004D39CC /* LaunchScreen.storyboard */,
				56973C1C211BE61F004D39CC /* Info.plist */,
			);
			path = HaiBangDuLieu;
			sourceTree = "<group>";
		};
/* End PBXGroup section */

/* Begin PBXNativeTarget section */
		56973C0C211BE61E004D39CC /* HaiBangDuLieu */ = {
			isa = PBXNativeTarget;
			buildConfigurationList = 56973C1F211BE61F004D39CC /* Build configuration list for PBXNativeTarget "HaiBangDuLieu" */;
			buildPhases = (
				56973C09211BE61E004D39CC /* Sources */,
				56973C0A211BE61E004D39CC /* Frameworks */,
				56973C0B211BE61E004D39CC /* Resources */,
			);
			buildRules = (
			);
			dependencies = (
			);
			name = HaiBangDuLieu;
			productName = HaiBangDuLieu;
			productReference = 56973C0D211BE61E004D39CC /* HaiBangDuLieu.app */;
			productType = "com.apple.product-type.application";
		};
/* End PBXNativeTarget section */

/* Begin PBXProject section */
		56973C05211BE61E004D39CC /* Project object */ = {
			isa = PBXProject;
			attributes = {
				LastSwiftUpdateCheck = 0940;
				LastUpgradeCheck = 0940;
				ORGANIZATIONNAME = anhxa100;
				TargetAttributes = {
					56973C0C211BE61E004D39CC = {
						CreatedOnToolsVersion = 9.4.1;
					};
				};
			};
			buildConfigurationList = 56973C08211BE61E004D39CC /* Build configuration list for PBXProject "HaiBangDuLieu" */;
			compatibilityVersion = "Xcode 9.3";
			developmentRegion = en;
			hasScannedForEncodings = 0;
			knownRegions = (
				en,
				Base,
			);
			mainGroup = 56973C04211BE61E004D39CC;
			productRefGroup = 56973C0E211BE61E004D39CC /* Products */;
			projectDirPath = "";
			projectRoot = "";
			targets = (
				56973C0C211BE61E004D39CC /* HaiBangDuLieu */,
			);
		};
/* End PBXProject section */

/* Begin PBXResourcesBuildPhase section */
		56973C0B211BE61E004D39CC /* Resources */ = {
			isa = PBXResourcesBuildPhase;
			buildActionMask = 2147483647;
			files = (
				56973C1B211BE61F004D39CC /* LaunchScreen.storyboard in Resources */,
				56973C18211BE61F004D39CC /* Assets.xcassets in Resources */,
				56973C16211BE61E004D39CC /* Main.storyboard in Resources */,
			);
			runOnlyForDeploymentPostprocessing = 0;
		};
/* End PBXResourcesBuildPhase section */

/* Begin PBXSourcesBuildPhase section */
		56973C09211BE61E004D39CC /* Sources */ = {
			isa = PBXSourcesBuildPhase;
			buildActionMask = 2147483647;
			files = (
				56973C11211BE61E004D39CC /* AppDelegate.swift in Sources */,
				56973C25211BE69C004D39CC /* StringDataSource.swift in Sources */,
				56973C27211BE86D004D39CC /* NumberDataSource.swift in Sources */,
				56973C23211BE652004D39CC /* MasterTableViewController.swift in Sources */,
				56973C29211BF215004D39CC /* DetailViewController.swift in Sources */,
			);
			runOnlyForDeploymentPostprocessing = 0;
		};
/* End PBXSourcesBuildPhase section */

/* Begin PBXVariantGroup section */
		56973C14211BE61E004D39CC /* Main.storyboard */ = {
			isa = PBXVariantGroup;
			children = (
				56973C15211BE61E004D39CC /* Base */,
			);
			name = Main.storyboard;
			sourceTree = "<group>";
		};
		56973C19211BE61F004D39CC /* LaunchScreen.storyboard */ = {
			isa = PBXVariantGroup;
			children = (
				56973C1A211BE61F004D39CC /* Base */,
			);
			name = LaunchScreen.storyboard;
			sourceTree = "<group>";
		};
/* End PBXVariantGroup section */

/* Begin XCBuildConfiguration section */
		56973C1D211BE61F004D39CC /* Debug */ = {
			isa = XCBuildConfiguration;
			buildSettings = {
				ALWAYS_SEARCH_USER_PATHS = NO;
				CLANG_ANALYZER_NONNULL = YES;
				CLANG_ANALYZER_NUMBER_OBJECT_CONVERSION = YES_AGGRESSIVE;
				CLANG_CXX_LANGUAGE_STANDARD = "gnu++14";
				CLANG_CXX_LIBRARY = "libc++";
				CLANG_ENABLE_MODULES = YES;
				CLANG_ENABLE_OBJC_ARC = YES;
				CLANG_ENABLE_OBJC_WEAK = YES;
				CLANG_WARN_BLOCK_CAPTURE_AUTORELEASING = YES;
				CLANG_WARN_BOOL_CONVERSION = YES;
				CLANG_WARN_COMMA = YES;
				CLANG_WARN_CONSTANT_CONVERSION = YES;
				CLANG_WARN_DEPRECATED_OBJC_IMPLEMENTATIONS = YES;
				CLANG_WARN_DIRECT_OBJC_ISA_USAGE = YES_ERROR;
				CLANG_WARN_DOCUMENTATION_COMMENTS = YES;
				CLANG_WARN_EMPTY_BODY = YES;
				CLANG_WARN_ENUM_CONVERSION = YES;
				CLANG_WARN_INFINITE_RECURSION = YES;
				CLANG_WARN_INT_CONVERSION = YES;
				CLANG_WARN_NON_LITERAL_NULL_CONVERSION = YES;
				CLANG_WARN_OBJC_IMPLICIT_RETAIN_SELF = YES;
				CLANG_WARN_OBJC_LITERAL_CONVERSION = YES;
				CLANG_WARN_OBJC_ROOT_CLASS = YES_ERROR;
				CLANG_WARN_RANGE_LOOP_ANALYSIS = YES;
				CLANG_WARN_STRICT_PROTOTYPES = YES;
				CLANG_WARN_SUSPICIOUS_MOVE = YES;
				CLANG_WARN_UNGUARDED_AVAILABILITY = YES_AGGRESSIVE;
				CLANG_WARN_UNREACHABLE_CODE = YES;
				CLANG_WARN__DUPLICATE_METHOD_MATCH = YES;
				CODE_SIGN_IDENTITY = "iPhone Developer";
				COPY_PHASE_STRIP = NO;
				DEBUG_INFORMATION_FORMAT = dwarf;
				ENABLE_STRICT_OBJC_MSGSEND = YES;
				ENABLE_TESTABILITY = YES;
				GCC_C_LANGUAGE_STANDARD = gnu11;
				GCC_DYNAMIC_NO_PIC = NO;
				GCC_NO_COMMON_BLOCKS = YES;
				GCC_OPTIMIZATION_LEVEL = 0;
				GCC_PREPROCESSOR_DEFINITIONS = (
					"DEBUG=1",
					"$(inherited)",
				);
				GCC_WARN_64_TO_32_BIT_CONVERSION = YES;
				GCC_WARN_ABOUT_RETURN_TYPE = YES_ERROR;
				GCC_WARN_UNDECLARED_SELECTOR = YES;
				GCC_WARN_UNINITIALIZED_AUTOS = YES_AGGRESSIVE;
				GCC_WARN_UNUSED_FUNCTION = YES;
				GCC_WARN_UNUSED_VARIABLE = YES;
				IPHONEOS_DEPLOYMENT_TARGET = 11.4;
				MTL_ENABLE_DEBUG_INFO = YES;
				ONLY_ACTIVE_ARCH = YES;
				SDKROOT = iphoneos;
				SWIFT_ACTIVE_COMPILATION_CONDITIONS = DEBUG;
				SWIFT_OPTIMIZATION_LEVEL = "-Onone";
			};
			name = Debug;
		};
		56973C1E211BE61F004D39CC /* Release */ = {
			isa = XCBuildConfiguration;
			buildSettings = {
				ALWAYS_SEARCH_USER_PATHS = NO;
				CLANG_ANALYZER_NONNULL = YES;
				CLANG_ANALYZER_NUMBER_OBJECT_CONVERSION = YES_AGGRESSIVE;
				CLANG_CXX_LANGUAGE_STANDARD = "gnu++14";
				CLANG_CXX_LIBRARY = "libc++";
				CLANG_ENABLE_MODULES = YES;
				CLANG_ENABLE_OBJC_ARC = YES;
				CLANG_ENABLE_OBJC_WEAK = YES;
				CLANG_WARN_BLOCK_CAPTURE_AUTORELEASING = YES;
				CLANG_WARN_BOOL_CONVERSION = YES;
				CLANG_WARN_COMMA = YES;
				CLANG_WARN_CONSTANT_CONVERSION = YES;
				CLANG_WARN_DEPRECATED_OBJC_IMPLEMENTATIONS = YES;
				CLANG_WARN_DIRECT_OBJC_ISA_USAGE = YES_ERROR;
				CLANG_WARN_DOCUMENTATION_COMMENTS = YES;
				CLANG_WARN_EMPTY_BODY = YES;
				CLANG_WARN_ENUM_CONVERSION = YES;
				CLANG_WARN_INFINITE_RECURSION = YES;
				CLANG_WARN_INT_CONVERSION = YES;
				CLANG_WARN_NON_LITERAL_NULL_CONVERSION = YES;
				CLANG_WARN_OBJC_IMPLICIT_RETAIN_SELF = YES;
				CLANG_WARN_OBJC_LITERAL_CONVERSION = YES;
				CLANG_WARN_OBJC_ROOT_CLASS = YES_ERROR;
				CLANG_WARN_RANGE_LOOP_ANALYSIS = YES;
				CLANG_WARN_STRICT_PROTOTYPES = YES;
				CLANG_WARN_SUSPICIOUS_MOVE = YES;
				CLANG_WARN_UNGUARDED_AVAILABILITY = YES_AGGRESSIVE;
				CLANG_WARN_UNREACHABLE_CODE = YES;
				CLANG_WARN__DUPLICATE_METHOD_MATCH = YES;
				CODE_SIGN_IDENTITY = "iPhone Developer";
				COPY_PHASE_STRIP = NO;
				DEBUG_INFORMATION_FORMAT = "dwarf-with-dsym";
				ENABLE_NS_ASSERTIONS = NO;
				ENABLE_STRICT_OBJC_MSGSEND = YES;
				GCC_C_LANGUAGE_STANDARD = gnu11;
				GCC_NO_COMMON_BLOCKS = YES;
				GCC_WARN_64_TO_32_BIT_CONVERSION = YES;
				GCC_WARN_ABOUT_RETURN_TYPE = YES_ERROR;
				GCC_WARN_UNDECLARED_SELECTOR = YES;
				GCC_WARN_UNINITIALIZED_AUTOS = YES_AGGRESSIVE;
				GCC_WARN_UNUSED_FUNCTION = YES;
				GCC_WARN_UNUSED_VARIABLE = YES;
				IPHONEOS_DEPLOYMENT_TARGET = 11.4;
				MTL_ENABLE_DEBUG_INFO = NO;
				SDKROOT = iphoneos;
				SWIFT_COMPILATION_MODE = wholemodule;
				SWIFT_OPTIMIZATION_LEVEL = "-O";
				VALIDATE_PRODUCT = YES;
			};
			name = Release;
		};
		56973C20211BE61F004D39CC /* Debug */ = {
			isa = XCBuildConfiguration;
			buildSettings = {
				ASSETCATALOG_COMPILER_APPICON_NAME = AppIcon;
				CODE_SIGN_STYLE = Automatic;
				DEVELOPMENT_TEAM = XCWA73NUUP;
				INFOPLIST_FILE = HaiBangDuLieu/Info.plist;
				LD_RUNPATH_SEARCH_PATHS = (
					"$(inherited)",
					"@executable_path/Frameworks",
				);
				PRODUCT_BUNDLE_IDENTIFIER = anhxa100.HaiBangDuLieu;
				PRODUCT_NAME = "$(TARGET_NAME)";
				SWIFT_VERSION = 4.0;
				TARGETED_DEVICE_FAMILY = "1,2";
			};
			name = Debug;
		};
		56973C21211BE61F004D39CC /* Release */ = {
			isa = XCBuildConfiguration;
			buildSettings = {
				ASSETCATALOG_COMPILER_APPICON_NAME = AppIcon;
				CODE_SIGN_STYLE = Automatic;
				DEVELOPMENT_TEAM = XCWA73NUUP;
				INFOPLIST_FILE = HaiBangDuLieu/Info.plist;
				LD_RUNPATH_SEARCH_PATHS = (
					"$(inherited)",
					"@executable_path/Frameworks",
				);
				PRODUCT_BUNDLE_IDENTIFIER = anhxa100.HaiBangDuLieu;
				PRODUCT_NAME = "$(TARGET_NAME)";
				SWIFT_VERSION = 4.0;
				TARGETED_DEVICE_FAMILY = "1,2";
			};
			name = Release;
		};
/* End XCBuildConfiguration section */

/* Begin XCConfigurationList section */
		56973C08211BE61E004D39CC /* Build configuration list for PBXProject "HaiBangDuLieu" */ = {
			isa = XCConfigurationList;
			buildConfigurations = (
				56973C1D211BE61F004D39CC /* Debug */,
				56973C1E211BE61F004D39CC /* Release */,
			);
			defaultConfigurationIsVisible = 0;
			defaultConfigurationName = Release;
		};
		56973C1F211BE61F004D39CC /* Build configuration list for PBXNativeTarget "HaiBangDuLieu" */ = {
			isa = XCConfigurationList;
			buildConfigurations = (
				56973C20211BE61F004D39CC /* Debug */,
				56973C21211BE61F004D39CC /* Release */,
			);
			defaultConfigurationIsVisible = 0;
			defaultConfigurationName = Release;
		};
/* End XCConfigurationList section */
	};
	rootObject = 56973C05211BE61E004D39CC /* Project object */;
}
