// !$*UTF8*$!
{
	archiveVersion = 1;
	classes = {
	};
	objectVersion = 50;
	objects = {

/* Begin PBXBuildFile section */
		56662F432111A378001C8FFF /* AppDelegate.swift in Sources */ = {isa = PBXBuildFile; fileRef = 56662F422111A378001C8FFF /* AppDelegate.swift */; };
		56662F482111A378001C8FFF /* Main.storyboard in Resources */ = {isa = PBXBuildFile; fileRef = 56662F462111A378001C8FFF /* Main.storyboard */; };
		56662F4A2111A379001C8FFF /* Assets.xcassets in Resources */ = {isa = PBXBuildFile; fileRef = 56662F492111A379001C8FFF /* Assets.xcassets */; };
		56662F4D2111A379001C8FFF /* LaunchScreen.storyboard in Resources */ = {isa = PBXBuildFile; fileRef = 56662F4B2111A379001C8FFF /* LaunchScreen.storyboard */; };
		56662F552111A39E001C8FFF /* ObjectDataSource.swift in Sources */ = {isa = PBXBuildFile; fileRef = 56662F542111A39E001C8FFF /* ObjectDataSource.swift */; };
		56662F572111A480001C8FFF /* MasterViewController.swift in Sources */ = {isa = PBXBuildFile; fileRef = 56662F562111A480001C8FFF /* MasterViewController.swift */; };
/* End PBXBuildFile section */

/* Begin PBXFileReference section */
		56662F3F2111A378001C8FFF /* TachDelegateDataSource.app */ = {isa = PBXFileReference; explicitFileType = wrapper.application; includeInIndex = 0; path = TachDelegateDataSource.app; sourceTree = BUILT_PRODUCTS_DIR; };
		56662F422111A378001C8FFF /* AppDelegate.swift */ = {isa = PBXFileReference; lastKnownFileType = sourcecode.swift; path = AppDelegate.swift; sourceTree = "<group>"; };
		56662F472111A378001C8FFF /* Base */ = {isa = PBXFileReference; lastKnownFileType = file.storyboard; name = Base; path = Base.lproj/Main.storyboard; sourceTree = "<group>"; };
		56662F492111A379001C8FFF /* Assets.xcassets */ = {isa = PBXFileReference; lastKnownFileType = folder.assetcatalog; path = Assets.xcassets; sourceTree = "<group>"; };
		56662F4C2111A379001C8FFF /* Base */ = {isa = PBXFileReference; lastKnownFileType = file.storyboard; name = Base; path = Base.lproj/LaunchScreen.storyboard; sourceTree = "<group>"; };
		56662F4E2111A379001C8FFF /* Info.plist */ = {isa = PBXFileReference; lastKnownFileType = text.plist.xml; path = Info.plist; sourceTree = "<group>"; };
		56662F542111A39E001C8FFF /* ObjectDataSource.swift */ = {isa = PBXFileReference; lastKnownFileType = sourcecode.swift; path = ObjectDataSource.swift; sourceTree = "<group>"; };
		56662F562111A480001C8FFF /* MasterViewController.swift */ = {isa = PBXFileReference; lastKnownFileType = sourcecode.swift; path = MasterViewController.swift; sourceTree = "<group>"; };
/* End PBXFileReference section */

/* Begin PBXFrameworksBuildPhase section */
		56662F3C2111A378001C8FFF /* Frameworks */ = {
			isa = PBXFrameworksBuildPhase;
			buildActionMask = 2147483647;
			files = (
			);
			runOnlyForDeploymentPostprocessing = 0;
		};
/* End PBXFrameworksBuildPhase section */

/* Begin PBXGroup section */
		56662F362111A378001C8FFF = {
			isa = PBXGroup;
			children = (
				56662F412111A378001C8FFF /* TachDelegateDataSource */,
				56662F402111A378001C8FFF /* Products */,
			);
			sourceTree = "<group>";
		};
		56662F402111A378001C8FFF /* Products */ = {
			isa = PBXGroup;
			children = (
				56662F3F2111A378001C8FFF /* TachDelegateDataSource.app */,
			);
			name = Products;
			sourceTree = "<group>";
		};
		56662F412111A378001C8FFF /* TachDelegateDataSource */ = {
			isa = PBXGroup;
			children = (
				56662F422111A378001C8FFF /* AppDelegate.swift */,
				56662F462111A378001C8FFF /* Main.storyboard */,
				56662F562111A480001C8FFF /* MasterViewController.swift */,
				56662F542111A39E001C8FFF /* ObjectDataSource.swift */,
				56662F492111A379001C8FFF /* Assets.xcassets */,
				56662F4B2111A379001C8FFF /* LaunchScreen.storyboard */,
				56662F4E2111A379001C8FFF /* Info.plist */,
			);
			path = TachDelegateDataSource;
			sourceTree = "<group>";
		};
/* End PBXGroup section */

/* Begin PBXNativeTarget section */
		56662F3E2111A378001C8FFF /* TachDelegateDataSource */ = {
			isa = PBXNativeTarget;
			buildConfigurationList = 56662F512111A379001C8FFF /* Build configuration list for PBXNativeTarget "TachDelegateDataSource" */;
			buildPhases = (
				56662F3B2111A378001C8FFF /* Sources */,
				56662F3C2111A378001C8FFF /* Frameworks */,
				56662F3D2111A378001C8FFF /* Resources */,
			);
			buildRules = (
			);
			dependencies = (
			);
			name = TachDelegateDataSource;
			productName = TachDelegateDataSource;
			productReference = 56662F3F2111A378001C8FFF /* TachDelegateDataSource.app */;
			productType = "com.apple.product-type.application";
		};
/* End PBXNativeTarget section */

/* Begin PBXProject section */
		56662F372111A378001C8FFF /* Project object */ = {
			isa = PBXProject;
			attributes = {
				LastSwiftUpdateCheck = 0940;
				LastUpgradeCheck = 0940;
				ORGANIZATIONNAME = anhxa100;
				TargetAttributes = {
					56662F3E2111A378001C8FFF = {
						CreatedOnToolsVersion = 9.4.1;
					};
				};
			};
			buildConfigurationList = 56662F3A2111A378001C8FFF /* Build configuration list for PBXProject "TachDelegateDataSource" */;
			compatibilityVersion = "Xcode 9.3";
			developmentRegion = en;
			hasScannedForEncodings = 0;
			knownRegions = (
				en,
				Base,
			);
			mainGroup = 56662F362111A378001C8FFF;
			productRefGroup = 56662F402111A378001C8FFF /* Products */;
			projectDirPath = "";
			projectRoot = "";
			targets = (
				56662F3E2111A378001C8FFF /* TachDelegateDataSource */,
			);
		};
/* End PBXProject section */

/* Begin PBXResourcesBuildPhase section */
		56662F3D2111A378001C8FFF /* Resources */ = {
			isa = PBXResourcesBuildPhase;
			buildActionMask = 2147483647;
			files = (
				56662F4D2111A379001C8FFF /* LaunchScreen.storyboard in Resources */,
				56662F4A2111A379001C8FFF /* Assets.xcassets in Resources */,
				56662F482111A378001C8FFF /* Main.storyboard in Resources */,
			);
			runOnlyForDeploymentPostprocessing = 0;
		};
/* End PBXResourcesBuildPhase section */

/* Begin PBXSourcesBuildPhase section */
		56662F3B2111A378001C8FFF /* Sources */ = {
			isa = PBXSourcesBuildPhase;
			buildActionMask = 2147483647;
			files = (
				56662F572111A480001C8FFF /* MasterViewController.swift in Sources */,
				56662F552111A39E001C8FFF /* ObjectDataSource.swift in Sources */,
				56662F432111A378001C8FFF /* AppDelegate.swift in Sources */,
			);
			runOnlyForDeploymentPostprocessing = 0;
		};
/* End PBXSourcesBuildPhase section */

/* Begin PBXVariantGroup section */
		56662F462111A378001C8FFF /* Main.storyboard */ = {
			isa = PBXVariantGroup;
			children = (
				56662F472111A378001C8FFF /* Base */,
			);
			name = Main.storyboard;
			sourceTree = "<group>";
		};
		56662F4B2111A379001C8FFF /* LaunchScreen.storyboard */ = {
			isa = PBXVariantGroup;
			children = (
				56662F4C2111A379001C8FFF /* Base */,
			);
			name = LaunchScreen.storyboard;
			sourceTree = "<group>";
		};
/* End PBXVariantGroup section */

/* Begin XCBuildConfiguration section */
		56662F4F2111A379001C8FFF /* Debug */ = {
			isa = XCBuildConfiguration;
			buildSettings = {
				ALWAYS_SEARCH_USER_PATHS = NO;
				CLANG_ANALYZER_NONNULL = YES;
				CLANG_ANALYZER_NUMBER_OBJECT_CONVERSION = YES_AGGRESSIVE;
				CLANG_CXX_LANGUAGE_STANDARD = "gnu++14";
				CLANG_CXX_LIBRARY = "libc++";
				CLANG_ENABLE_MODULES = YES;
				CLANG_ENABLE_OBJC_ARC = YES;
				CLANG_ENABLE_OBJC_WEAK = YES;
				CLANG_WARN_BLOCK_CAPTURE_AUTORELEASING = YES;
				CLANG_WARN_BOOL_CONVERSION = YES;
				CLANG_WARN_COMMA = YES;
				CLANG_WARN_CONSTANT_CONVERSION = YES;
				CLANG_WARN_DEPRECATED_OBJC_IMPLEMENTATIONS = YES;
				CLANG_WARN_DIRECT_OBJC_ISA_USAGE = YES_ERROR;
				CLANG_WARN_DOCUMENTATION_COMMENTS = YES;
				CLANG_WARN_EMPTY_BODY = YES;
				CLANG_WARN_ENUM_CONVERSION = YES;
				CLANG_WARN_INFINITE_RECURSION = YES;
				CLANG_WARN_INT_CONVERSION = YES;
				CLANG_WARN_NON_LITERAL_NULL_CONVERSION = YES;
				CLANG_WARN_OBJC_IMPLICIT_RETAIN_SELF = YES;
				CLANG_WARN_OBJC_LITERAL_CONVERSION = YES;
				CLANG_WARN_OBJC_ROOT_CLASS = YES_ERROR;
				CLANG_WARN_RANGE_LOOP_ANALYSIS = YES;
				CLANG_WARN_STRICT_PROTOTYPES = YES;
				CLANG_WARN_SUSPICIOUS_MOVE = YES;
				CLANG_WARN_UNGUARDED_AVAILABILITY = YES_AGGRESSIVE;
				CLANG_WARN_UNREACHABLE_CODE = YES;
				CLANG_WARN__DUPLICATE_METHOD_MATCH = YES;
				CODE_SIGN_IDENTITY = "iPhone Developer";
				COPY_PHASE_STRIP = NO;
				DEBUG_INFORMATION_FORMAT = dwarf;
				ENABLE_STRICT_OBJC_MSGSEND = YES;
				ENABLE_TESTABILITY = YES;
				GCC_C_LANGUAGE_STANDARD = gnu11;
				GCC_DYNAMIC_NO_PIC = NO;
				GCC_NO_COMMON_BLOCKS = YES;
				GCC_OPTIMIZATION_LEVEL = 0;
				GCC_PREPROCESSOR_DEFINITIONS = (
					"DEBUG=1",
					"$(inherited)",
				);
				GCC_WARN_64_TO_32_BIT_CONVERSION = YES;
				GCC_WARN_ABOUT_RETURN_TYPE = YES_ERROR;
				GCC_WARN_UNDECLARED_SELECTOR = YES;
				GCC_WARN_UNINITIALIZED_AUTOS = YES_AGGRESSIVE;
				GCC_WARN_UNUSED_FUNCTION = YES;
				GCC_WARN_UNUSED_VARIABLE = YES;
				IPHONEOS_DEPLOYMENT_TARGET = 11.4;
				MTL_ENABLE_DEBUG_INFO = YES;
				ONLY_ACTIVE_ARCH = YES;
				SDKROOT = iphoneos;
				SWIFT_ACTIVE_COMPILATION_CONDITIONS = DEBUG;
				SWIFT_OPTIMIZATION_LEVEL = "-Onone";
			};
			name = Debug;
		};
		56662F502111A379001C8FFF /* Release */ = {
			isa = XCBuildConfiguration;
			buildSettings = {
				ALWAYS_SEARCH_USER_PATHS = NO;
				CLANG_ANALYZER_NONNULL = YES;
				CLANG_ANALYZER_NUMBER_OBJECT_CONVERSION = YES_AGGRESSIVE;
				CLANG_CXX_LANGUAGE_STANDARD = "gnu++14";
				CLANG_CXX_LIBRARY = "libc++";
				CLANG_ENABLE_MODULES = YES;
				CLANG_ENABLE_OBJC_ARC = YES;
				CLANG_ENABLE_OBJC_WEAK = YES;
				CLANG_WARN_BLOCK_CAPTURE_AUTORELEASING = YES;
				CLANG_WARN_BOOL_CONVERSION = YES;
				CLANG_WARN_COMMA = YES;
				CLANG_WARN_CONSTANT_CONVERSION = YES;
				CLANG_WARN_DEPRECATED_OBJC_IMPLEMENTATIONS = YES;
				CLANG_WARN_DIRECT_OBJC_ISA_USAGE = YES_ERROR;
				CLANG_WARN_DOCUMENTATION_COMMENTS = YES;
				CLANG_WARN_EMPTY_BODY = YES;
				CLANG_WARN_ENUM_CONVERSION = YES;
				CLANG_WARN_INFINITE_RECURSION = YES;
				CLANG_WARN_INT_CONVERSION = YES;
				CLANG_WARN_NON_LITERAL_NULL_CONVERSION = YES;
				CLANG_WARN_OBJC_IMPLICIT_RETAIN_SELF = YES;
				CLANG_WARN_OBJC_LITERAL_CONVERSION = YES;
				CLANG_WARN_OBJC_ROOT_CLASS = YES_ERROR;
				CLANG_WARN_RANGE_LOOP_ANALYSIS = YES;
				CLANG_WARN_STRICT_PROTOTYPES = YES;
				CLANG_WARN_SUSPICIOUS_MOVE = YES;
				CLANG_WARN_UNGUARDED_AVAILABILITY = YES_AGGRESSIVE;
				CLANG_WARN_UNREACHABLE_CODE = YES;
				CLANG_WARN__DUPLICATE_METHOD_MATCH = YES;
				CODE_SIGN_IDENTITY = "iPhone Developer";
				COPY_PHASE_STRIP = NO;
				DEBUG_INFORMATION_FORMAT = "dwarf-with-dsym";
				ENABLE_NS_ASSERTIONS = NO;
				ENABLE_STRICT_OBJC_MSGSEND = YES;
				GCC_C_LANGUAGE_STANDARD = gnu11;
				GCC_NO_COMMON_BLOCKS = YES;
				GCC_WARN_64_TO_32_BIT_CONVERSION = YES;
				GCC_WARN_ABOUT_RETURN_TYPE = YES_ERROR;
				GCC_WARN_UNDECLARED_SELECTOR = YES;
				GCC_WARN_UNINITIALIZED_AUTOS = YES_AGGRESSIVE;
				GCC_WARN_UNUSED_FUNCTION = YES;
				GCC_WARN_UNUSED_VARIABLE = YES;
				IPHONEOS_DEPLOYMENT_TARGET = 11.4;
				MTL_ENABLE_DEBUG_INFO = NO;
				SDKROOT = iphoneos;
				SWIFT_COMPILATION_MODE = wholemodule;
				SWIFT_OPTIMIZATION_LEVEL = "-O";
				VALIDATE_PRODUCT = YES;
			};
			name = Release;
		};
		56662F522111A379001C8FFF /* Debug */ = {
			isa = XCBuildConfiguration;
			buildSettings = {
				ASSETCATALOG_COMPILER_APPICON_NAME = AppIcon;
				CODE_SIGN_STYLE = Automatic;
				DEVELOPMENT_TEAM = XCWA73NUUP;
				INFOPLIST_FILE = TachDelegateDataSource/Info.plist;
				LD_RUNPATH_SEARCH_PATHS = (
					"$(inherited)",
					"@executable_path/Frameworks",
				);
				PRODUCT_BUNDLE_IDENTIFIER = anhxa100.TachDelegateDataSource;
				PRODUCT_NAME = "$(TARGET_NAME)";
				SWIFT_VERSION = 4.0;
				TARGETED_DEVICE_FAMILY = "1,2";
			};
			name = Debug;
		};
		56662F532111A379001C8FFF /* Release */ = {
			isa = XCBuildConfiguration;
			buildSettings = {
				ASSETCATALOG_COMPILER_APPICON_NAME = AppIcon;
				CODE_SIGN_STYLE = Automatic;
				DEVELOPMENT_TEAM = XCWA73NUUP;
				INFOPLIST_FILE = TachDelegateDataSource/Info.plist;
				LD_RUNPATH_SEARCH_PATHS = (
					"$(inherited)",
					"@executable_path/Frameworks",
				);
				PRODUCT_BUNDLE_IDENTIFIER = anhxa100.TachDelegateDataSource;
				PRODUCT_NAME = "$(TARGET_NAME)";
				SWIFT_VERSION = 4.0;
				TARGETED_DEVICE_FAMILY = "1,2";
			};
			name = Release;
		};
/* End XCBuildConfiguration section */

/* Begin XCConfigurationList section */
		56662F3A2111A378001C8FFF /* Build configuration list for PBXProject "TachDelegateDataSource" */ = {
			isa = XCConfigurationList;
			buildConfigurations = (
				56662F4F2111A379001C8FFF /* Debug */,
				56662F502111A379001C8FFF /* Release */,
			);
			defaultConfigurationIsVisible = 0;
			defaultConfigurationName = Release;
		};
		56662F512111A379001C8FFF /* Build configuration list for PBXNativeTarget "TachDelegateDataSource" */ = {
			isa = XCConfigurationList;
			buildConfigurations = (
				56662F522111A379001C8FFF /* Debug */,
				56662F532111A379001C8FFF /* Release */,
			);
			defaultConfigurationIsVisible = 0;
			defaultConfigurationName = Release;
		};
/* End XCConfigurationList section */
	};
	rootObject = 56662F372111A378001C8FFF /* Project object */;
}
